
Microsoft Visual Studio Solution File, Format Version 12.00
# Visual Studio Version 16
VisualStudioVersion = 16.0.31205.134
MinimumVisualStudioVersion = 10.0.40219.1
Project("{FAE04EC0-301F-11D3-BF4B-00C04F79EFBC}") = "VitaminDeposu", "VitaminDeposu\VitaminDeposu.csproj", "{FCD7A5A5-FEF4-4489-AF2D-D6340A1B6D11}"
EndProject
Global
	GlobalSection(SolutionConfigurationPlatforms) = preSolution
		Debug|Any CPU = Debug|Any CPU
		Release|Any CPU = Release|Any CPU
	EndGlobalSection
	GlobalSection(ProjectConfigurationPlatforms) = postSolution
		{FCD7A5A5-FEF4-4489-AF2D-D6340A1B6D11}.Debug|Any CPU.ActiveCfg = Debug|Any CPU
		{FCD7A5A5-FEF4-4489-AF2D-D6340A1B6D11}.Debug|Any CPU.Build.0 = Debug|Any CPU
		{FCD7A5A5-FEF4-4489-AF2D-D6340A1B6D11}.Release|Any CPU.ActiveCfg = Release|Any CPU
		{FCD7A5A5-FEF4-4489-AF2D-D6340A1B6D11}.Release|Any CPU.Build.0 = Release|Any CPU
	EndGlobalSection
	GlobalSection(SolutionProperties) = preSolution
		HideSolutionNode = FALSE
	EndGlobalSection
	GlobalSection(ExtensibilityGlobals) = postSolution
		SolutionGuid = {D1450F25-F0BE-4637-8C97-4111FED68BD2}
	EndGlobalSection
EndGlobal
